{
  "originHash" : "570536f0f5a36ebf183a1f79246e97a61650d148ed18fe5ec1260545c7580ad2",
  "pins" : [
    {
      "identity" : "networkmanager",
      "kind" : "remoteSourceControl",
      "location" : "https://github.com/muthineni/NetworkManager.git",
      "state" : {
        "revision" : "a83856b07c5ba37d93f6a42fac13e2bf8fe08123",
        "version" : "1.0.0"
      }
    }
  ],
  "version" : 3
}
